
Microsoft Visual Studio Solution File, Format Version 12.00
# Visual Studio Version 17
VisualStudioVersion = 17.0.31903.59
MinimumVisualStudioVersion = 10.0.40219.1
Project("{FAE04EC0-301F-11D3-BF4B-00C04F79EFBC}") = "WebApi", "WebApi\WebApi.csproj", "{1DFE43BB-C117-4FE9-B20E-AA4D6F8E1153}"
EndProject
Project("{FAE04EC0-301F-11D3-BF4B-00C04F79EFBC}") = "WebApi.Tests", "WebApi.Tests\WebApi.Tests.csproj", "{992397F0-1DAF-437E-B0F0-CD7770CFD174}"
EndProject
Global
	GlobalSection(SolutionConfigurationPlatforms) = preSolution
		Debug|Any CPU = Debug|Any CPU
		Release|Any CPU = Release|Any CPU
	EndGlobalSection
	GlobalSection(SolutionProperties) = preSolution
		HideSolutionNode = FALSE
	EndGlobalSection
	GlobalSection(ProjectConfigurationPlatforms) = postSolution
		{1DFE43BB-C117-4FE9-B20E-AA4D6F8E1153}.Debug|Any CPU.ActiveCfg = Debug|Any CPU
		{1DFE43BB-C117-4FE9-B20E-AA4D6F8E1153}.Debug|Any CPU.Build.0 = Debug|Any CPU
		{1DFE43BB-C117-4FE9-B20E-AA4D6F8E1153}.Release|Any CPU.ActiveCfg = Release|Any CPU
		{1DFE43BB-C117-4FE9-B20E-AA4D6F8E1153}.Release|Any CPU.Build.0 = Release|Any CPU
		{992397F0-1DAF-437E-B0F0-CD7770CFD174}.Debug|Any CPU.ActiveCfg = Debug|Any CPU
		{992397F0-1DAF-437E-B0F0-CD7770CFD174}.Debug|Any CPU.Build.0 = Debug|Any CPU
		{992397F0-1DAF-437E-B0F0-CD7770CFD174}.Release|Any CPU.ActiveCfg = Release|Any CPU
		{992397F0-1DAF-437E-B0F0-CD7770CFD174}.Release|Any CPU.Build.0 = Release|Any CPU
	EndGlobalSection
EndGlobal
